<?xml version="1.0" encoding="utf-8"?>
<Project ToolsVersion="4.0" xmlns="http://schemas.microsoft.com/developer/msbuild/2003">
  <ItemGroup>
    <Filter Include="pch">
      <UniqueIdentifier>{2a5af4fd-d0ad-49b8-81e3-f3ac2a4f0a43}</UniqueIdentifier>
    </Filter>
    <Filter Include="Main">
      <UniqueIdentifier>{422c669e-5a19-4345-9b5c-72ebd5c9790c}</UniqueIdentifier>
    </Filter>
    <Filter Include="Session">
      <UniqueIdentifier>{2d7c302b-dbe9-4c46-a674-e84759a7f3ce}</UniqueIdentifier>
    </Filter>
  </ItemGroup>
  <ItemGroup>
    <ClCompile Include="GameServer.cpp">
      <Filter>Main</Filter>
    </ClCompile>
    <ClCompile Include="pch.cpp">
      <Filter>pch</Filter>
    </ClCompile>
    <ClCompile Include="SessionManager.cpp">
      <Filter>Session</Filter>
    </ClCompile>
    <ClCompile Include="ClientSession.cpp">
      <Filter>Session</Filter>
    </ClCompile>
  </ItemGroup>
  <ItemGroup>
    <ClInclude Include="pch.h">
      <Filter>pch</Filter>
    </ClInclude>
    <ClInclude Include="SessionManager.h">
      <Filter>Session</Filter>
    </ClInclude>
    <ClInclude Include="ClientSession.h">
      <Filter>Session</Filter>
    </ClInclude>
  </ItemGroup>
</Project>